
Microsoft Visual Studio Solution File, Format Version 12.00
# Visual Studio 15
VisualStudioVersion = 15.0.28307.168
MinimumVisualStudioVersion = 10.0.40219.1
Project("{FAE04EC0-301F-11D3-BF4B-00C04F79EFBC}") = "WebGit", "WebGit\WebGit.csproj", "{F29C4363-0887-44AA-B7E3-A8564E452774}"
EndProject
Global
	GlobalSection(SolutionConfigurationPlatforms) = preSolution
		Debug|Any CPU = Debug|Any CPU
		Release|Any CPU = Release|Any CPU
	EndGlobalSection
	GlobalSection(ProjectConfigurationPlatforms) = postSolution
		{F29C4363-0887-44AA-B7E3-A8564E452774}.Debug|Any CPU.ActiveCfg = Debug|Any CPU
		{F29C4363-0887-44AA-B7E3-A8564E452774}.Debug|Any CPU.Build.0 = Debug|Any CPU
		{F29C4363-0887-44AA-B7E3-A8564E452774}.Release|Any CPU.ActiveCfg = Release|Any CPU
		{F29C4363-0887-44AA-B7E3-A8564E452774}.Release|Any CPU.Build.0 = Release|Any CPU
	EndGlobalSection
	GlobalSection(SolutionProperties) = preSolution
		HideSolutionNode = FALSE
	EndGlobalSection
	GlobalSection(ExtensibilityGlobals) = postSolution
		SolutionGuid = {6668FD72-C1A9-47F9-9686-A242AAAEB987}
	EndGlobalSection
EndGlobal
